{
  "name": "answer",
  "version": "1.0.0",
  "lockfileVersion": 2,
  "requires": true,
  "packages": {
    "": {
      "name": "answer",
      "version": "1.0.0",
      "dependencies": {
        "tdesign-miniprogram": "^1.0.0-rc.3"
      },
      "devDependencies": {}
    },
    "node_modules/dayjs": {
      "version": "1.11.7",
      "resolved": "https://registry.npmjs.org/dayjs/-/dayjs-1.11.7.tgz",
      "integrity": "sha512-+Yw9U6YO5TQohxLcIkrXBeY73WP3ejHWVvx8XCk3gxvQDCTEmS48ZrSZCKciI7Bhl/uCMyxYtE9UqRILmFphkQ==",
      "license": "MIT"
    },
    "node_modules/tdesign-miniprogram": {
      "version": "1.0.0-rc.3",
      "resolved": "https://registry.npmjs.org/tdesign-miniprogram/-/tdesign-miniprogram-1.0.0-rc.3.tgz",
      "integrity": "sha512-YAqpkOGr0tfCeYa6jnaGrz3trbFH6PLDdbq37OKpx5yP29wG0si4WwDYGp3RkRj3VJiljZfwSeWrysWDXIEZLw==",
      "dependencies": {
        "dayjs": "^1.10.7"
      }
    }
  },
  "dependencies": {
    "dayjs": {
      "version": "1.11.7",
      "resolved": "https://registry.npmjs.org/dayjs/-/dayjs-1.11.7.tgz",
      "integrity": "sha512-+Yw9U6YO5TQohxLcIkrXBeY73WP3ejHWVvx8XCk3gxvQDCTEmS48ZrSZCKciI7Bhl/uCMyxYtE9UqRILmFphkQ=="
    },
    "tdesign-miniprogram": {
      "version": "1.0.0-rc.3",
      "resolved": "https://registry.npmjs.org/tdesign-miniprogram/-/tdesign-miniprogram-1.0.0-rc.3.tgz",
      "integrity": "sha512-YAqpkOGr0tfCeYa6jnaGrz3trbFH6PLDdbq37OKpx5yP29wG0si4WwDYGp3RkRj3VJiljZfwSeWrysWDXIEZLw==",
      "requires": {
        "dayjs": "^1.10.7"
      }
    }
  }
}
