# THIS IS AN AUTOGENERATED FILE. DO NOT EDIT THIS FILE DIRECTLY.
# yarn lockfile v1


"dayjs@^1.10.7":
  "integrity" "sha512-+Yw9U6YO5TQohxLcIkrXBeY73WP3ejHWVvx8XCk3gxvQDCTEmS48ZrSZCKciI7Bhl/uCMyxYtE9UqRILmFphkQ=="
  "resolved" "https://registry.npmjs.org/dayjs/-/dayjs-1.11.7.tgz"
  "version" "1.11.7"

"tdesign-miniprogram@^1.0.0-rc.3":
  "integrity" "sha512-YAqpkOGr0tfCeYa6jnaGrz3trbFH6PLDdbq37OKpx5yP29wG0si4WwDYGp3RkRj3VJiljZfwSeWrysWDXIEZLw=="
  "resolved" "https://registry.npmjs.org/tdesign-miniprogram/-/tdesign-miniprogram-1.0.0-rc.3.tgz"
  "version" "1.0.0-rc.3"
  dependencies:
    "dayjs" "^1.10.7"
